{
  "originHash" : "99a1314fd2ade2526a56e3e5b3e0a95ab96954b769a74f367e0e140beb949655",
  "pins" : [
    {
      "identity" : "foundationcorekit",
      "kind" : "remoteSourceControl",
      "location" : "https://github.com/ofiron/FoundationCoreKit",
      "state" : {
        "revision" : "3a647c58a96e7b41bf99a56e5dd57274b216d22a",
        "version" : "0.0.2"
      }
    }
  ],
  "version" : 3
}
