{
  "originHash" : "96865f0d4fa9eb5ad86523a8a1ddaaddaabec9a82d6bb492e4653a85dbab653c",
  "pins" : [
    {
      "identity" : "foundationcorekit",
      "kind" : "remoteSourceControl",
      "location" : "https://github.com/ofiron/FoundationCoreKit",
      "state" : {
        "revision" : "362d078ee55524b90f66b328b3ca92b444212504",
        "version" : "0.0.5"
      }
    }
  ],
  "version" : 3
}
