{
  "originHash" : "fecefbac6408df495c5dfcd6a2d3b19eac4b99ed2032025d0046c6ca50d8aacd",
  "pins" : [
    {
      "identity" : "foundationcorekit",
      "kind" : "remoteSourceControl",
      "location" : "https://github.com/ofiron/FoundationCoreKit",
      "state" : {
        "branch" : "dev",
        "revision" : "340d67563daf8d816acdd160d568786b4a8c609b"
      }
    }
  ],
  "version" : 3
}
